
Microsoft Visual Studio Solution File, Format Version 12.00
# Visual Studio Version 17
VisualStudioVersion = 17.11.35312.102
MinimumVisualStudioVersion = 10.0.40219.1
Project("{9A19103F-16F7-4668-BE54-9A1E7A4F7556}") = "PasswordGenCLI", "PasswordGenCLI\PasswordGenCLI.csproj", "{96376FA5-6CA8-4CED-9C57-99E695A8A4BA}"
	ProjectSection(ProjectDependencies) = postProject
		{024B7AB8-9065-4B52-89D1-A75D14BF65B6} = {024B7AB8-9065-4B52-89D1-A75D14BF65B6}
	EndProjectSection
EndProject
Project("{FAE04EC0-301F-11D3-BF4B-00C04F79EFBC}") = "PasswordGenCLI.Common", "PasswordGenCLI.Common\PasswordGenCLI.Common.csproj", "{024B7AB8-9065-4B52-89D1-A75D14BF65B6}"
EndProject
Global
	GlobalSection(SolutionConfigurationPlatforms) = preSolution
		Debug|Any CPU = Debug|Any CPU
		Release|Any CPU = Release|Any CPU
	EndGlobalSection
	GlobalSection(ProjectConfigurationPlatforms) = postSolution
		{96376FA5-6CA8-4CED-9C57-99E695A8A4BA}.Debug|Any CPU.ActiveCfg = Debug|Any CPU
		{96376FA5-6CA8-4CED-9C57-99E695A8A4BA}.Debug|Any CPU.Build.0 = Debug|Any CPU
		{96376FA5-6CA8-4CED-9C57-99E695A8A4BA}.Release|Any CPU.ActiveCfg = Release|Any CPU
		{96376FA5-6CA8-4CED-9C57-99E695A8A4BA}.Release|Any CPU.Build.0 = Release|Any CPU
		{024B7AB8-9065-4B52-89D1-A75D14BF65B6}.Debug|Any CPU.ActiveCfg = Debug|Any CPU
		{024B7AB8-9065-4B52-89D1-A75D14BF65B6}.Debug|Any CPU.Build.0 = Debug|Any CPU
		{024B7AB8-9065-4B52-89D1-A75D14BF65B6}.Release|Any CPU.ActiveCfg = Release|Any CPU
		{024B7AB8-9065-4B52-89D1-A75D14BF65B6}.Release|Any CPU.Build.0 = Release|Any CPU
	EndGlobalSection
	GlobalSection(SolutionProperties) = preSolution
		HideSolutionNode = FALSE
	EndGlobalSection
	GlobalSection(ExtensibilityGlobals) = postSolution
		SolutionGuid = {E84BDF09-F39B-4FC6-97BF-458A73EE931E}
	EndGlobalSection
EndGlobal
